
Microsoft Visual Studio Solution File, Format Version 12.00
# Visual Studio Version 17
VisualStudioVersion = 17.14.36623.8 d17.14
MinimumVisualStudioVersion = 10.0.40219.1
Project("{FAE04EC0-301F-11D3-BF4B-00C04F79EFBC}") = "String", "String\String.csproj", "{A0515A7A-393D-4F60-9D13-1A9CD54AC81C}"
EndProject
Global
	GlobalSection(SolutionConfigurationPlatforms) = preSolution
		Debug|Any CPU = Debug|Any CPU
		Release|Any CPU = Release|Any CPU
	EndGlobalSection
	GlobalSection(ProjectConfigurationPlatforms) = postSolution
		{A0515A7A-393D-4F60-9D13-1A9CD54AC81C}.Debug|Any CPU.ActiveCfg = Debug|Any CPU
		{A0515A7A-393D-4F60-9D13-1A9CD54AC81C}.Debug|Any CPU.Build.0 = Debug|Any CPU
		{A0515A7A-393D-4F60-9D13-1A9CD54AC81C}.Release|Any CPU.ActiveCfg = Release|Any CPU
		{A0515A7A-393D-4F60-9D13-1A9CD54AC81C}.Release|Any CPU.Build.0 = Release|Any CPU
	EndGlobalSection
	GlobalSection(SolutionProperties) = preSolution
		HideSolutionNode = FALSE
	EndGlobalSection
	GlobalSection(ExtensibilityGlobals) = postSolution
		SolutionGuid = {89F39599-0EC6-4C08-8A4B-DD8CE7B9DDD4}
	EndGlobalSection
EndGlobal
