
Microsoft Visual Studio Solution File, Format Version 12.00
# Visual Studio Version 17
VisualStudioVersion = 17.14.36623.8 d17.14
MinimumVisualStudioVersion = 10.0.40219.1
Project("{FAE04EC0-301F-11D3-BF4B-00C04F79EFBC}") = "IntegralTypes", "IntegralTypes\IntegralTypes.csproj", "{91DF0656-BA8E-42CB-9D49-30B8F2C9D6C3}"
EndProject
Global
	GlobalSection(SolutionConfigurationPlatforms) = preSolution
		Debug|Any CPU = Debug|Any CPU
		Release|Any CPU = Release|Any CPU
	EndGlobalSection
	GlobalSection(ProjectConfigurationPlatforms) = postSolution
		{91DF0656-BA8E-42CB-9D49-30B8F2C9D6C3}.Debug|Any CPU.ActiveCfg = Debug|Any CPU
		{91DF0656-BA8E-42CB-9D49-30B8F2C9D6C3}.Debug|Any CPU.Build.0 = Debug|Any CPU
		{91DF0656-BA8E-42CB-9D49-30B8F2C9D6C3}.Release|Any CPU.ActiveCfg = Release|Any CPU
		{91DF0656-BA8E-42CB-9D49-30B8F2C9D6C3}.Release|Any CPU.Build.0 = Release|Any CPU
	EndGlobalSection
	GlobalSection(SolutionProperties) = preSolution
		HideSolutionNode = FALSE
	EndGlobalSection
	GlobalSection(ExtensibilityGlobals) = postSolution
		SolutionGuid = {6E1CFE17-1478-45A9-B4CF-9F7467A325EA}
	EndGlobalSection
EndGlobal
