
Microsoft Visual Studio Solution File, Format Version 12.00
# Visual Studio Version 17
VisualStudioVersion = 17.14.36623.8 d17.14
MinimumVisualStudioVersion = 10.0.40219.1
Project("{FAE04EC0-301F-11D3-BF4B-00C04F79EFBC}") = "FloatConversion", "FloatConversion\FloatConversion.csproj", "{6E644361-695B-4BE1-AAEF-8D8470B40CAC}"
EndProject
Global
	GlobalSection(SolutionConfigurationPlatforms) = preSolution
		Debug|Any CPU = Debug|Any CPU
		Release|Any CPU = Release|Any CPU
	EndGlobalSection
	GlobalSection(ProjectConfigurationPlatforms) = postSolution
		{6E644361-695B-4BE1-AAEF-8D8470B40CAC}.Debug|Any CPU.ActiveCfg = Debug|Any CPU
		{6E644361-695B-4BE1-AAEF-8D8470B40CAC}.Debug|Any CPU.Build.0 = Debug|Any CPU
		{6E644361-695B-4BE1-AAEF-8D8470B40CAC}.Release|Any CPU.ActiveCfg = Release|Any CPU
		{6E644361-695B-4BE1-AAEF-8D8470B40CAC}.Release|Any CPU.Build.0 = Release|Any CPU
	EndGlobalSection
	GlobalSection(SolutionProperties) = preSolution
		HideSolutionNode = FALSE
	EndGlobalSection
	GlobalSection(ExtensibilityGlobals) = postSolution
		SolutionGuid = {5078B6FF-F4F1-4CE5-BC44-D15C107B2C2F}
	EndGlobalSection
EndGlobal
