
Microsoft Visual Studio Solution File, Format Version 12.00
# Visual Studio Version 17
VisualStudioVersion = 17.14.36623.8 d17.14
MinimumVisualStudioVersion = 10.0.40219.1
Project("{FAE04EC0-301F-11D3-BF4B-00C04F79EFBC}") = "SignedUnsigned", "SignedUnsigned\SignedUnsigned.csproj", "{1E0540D7-E000-4CAE-A177-220170547EDE}"
EndProject
Global
	GlobalSection(SolutionConfigurationPlatforms) = preSolution
		Debug|Any CPU = Debug|Any CPU
		Release|Any CPU = Release|Any CPU
	EndGlobalSection
	GlobalSection(ProjectConfigurationPlatforms) = postSolution
		{1E0540D7-E000-4CAE-A177-220170547EDE}.Debug|Any CPU.ActiveCfg = Debug|Any CPU
		{1E0540D7-E000-4CAE-A177-220170547EDE}.Debug|Any CPU.Build.0 = Debug|Any CPU
		{1E0540D7-E000-4CAE-A177-220170547EDE}.Release|Any CPU.ActiveCfg = Release|Any CPU
		{1E0540D7-E000-4CAE-A177-220170547EDE}.Release|Any CPU.Build.0 = Release|Any CPU
	EndGlobalSection
	GlobalSection(SolutionProperties) = preSolution
		HideSolutionNode = FALSE
	EndGlobalSection
	GlobalSection(ExtensibilityGlobals) = postSolution
		SolutionGuid = {9818F50F-0AB3-4C39-AC6F-A467ED199E0F}
	EndGlobalSection
EndGlobal
