
Microsoft Visual Studio Solution File, Format Version 12.00
# Visual Studio Version 17
VisualStudioVersion = 17.14.36623.8 d17.14
MinimumVisualStudioVersion = 10.0.40219.1
Project("{FAE04EC0-301F-11D3-BF4B-00C04F79EFBC}") = "Enum3", "Enum3\Enum3.csproj", "{B528C56A-4D47-4FBF-82DD-386FB70D8B37}"
EndProject
Global
	GlobalSection(SolutionConfigurationPlatforms) = preSolution
		Debug|Any CPU = Debug|Any CPU
		Release|Any CPU = Release|Any CPU
	EndGlobalSection
	GlobalSection(ProjectConfigurationPlatforms) = postSolution
		{B528C56A-4D47-4FBF-82DD-386FB70D8B37}.Debug|Any CPU.ActiveCfg = Debug|Any CPU
		{B528C56A-4D47-4FBF-82DD-386FB70D8B37}.Debug|Any CPU.Build.0 = Debug|Any CPU
		{B528C56A-4D47-4FBF-82DD-386FB70D8B37}.Release|Any CPU.ActiveCfg = Release|Any CPU
		{B528C56A-4D47-4FBF-82DD-386FB70D8B37}.Release|Any CPU.Build.0 = Release|Any CPU
	EndGlobalSection
	GlobalSection(SolutionProperties) = preSolution
		HideSolutionNode = FALSE
	EndGlobalSection
	GlobalSection(ExtensibilityGlobals) = postSolution
		SolutionGuid = {A6222E32-D8E0-40F4-8181-88E64DCEBDD6}
	EndGlobalSection
EndGlobal
