
Microsoft Visual Studio Solution File, Format Version 12.00
# Visual Studio Version 17
VisualStudioVersion = 17.14.36623.8 d17.14
MinimumVisualStudioVersion = 10.0.40219.1
Project("{FAE04EC0-301F-11D3-BF4B-00C04F79EFBC}") = "Enum2", "Enum2\Enum2.csproj", "{657FA035-C665-4D3A-B74B-C3BD4C2217DD}"
EndProject
Global
	GlobalSection(SolutionConfigurationPlatforms) = preSolution
		Debug|Any CPU = Debug|Any CPU
		Release|Any CPU = Release|Any CPU
	EndGlobalSection
	GlobalSection(ProjectConfigurationPlatforms) = postSolution
		{657FA035-C665-4D3A-B74B-C3BD4C2217DD}.Debug|Any CPU.ActiveCfg = Debug|Any CPU
		{657FA035-C665-4D3A-B74B-C3BD4C2217DD}.Debug|Any CPU.Build.0 = Debug|Any CPU
		{657FA035-C665-4D3A-B74B-C3BD4C2217DD}.Release|Any CPU.ActiveCfg = Release|Any CPU
		{657FA035-C665-4D3A-B74B-C3BD4C2217DD}.Release|Any CPU.Build.0 = Release|Any CPU
	EndGlobalSection
	GlobalSection(SolutionProperties) = preSolution
		HideSolutionNode = FALSE
	EndGlobalSection
	GlobalSection(ExtensibilityGlobals) = postSolution
		SolutionGuid = {9DCDB466-3641-4EAD-9093-6485347B71DB}
	EndGlobalSection
EndGlobal
